PODS:
  - Alamofire (5.10.2)
  - Capacitor (8.5.2):
    - CapacitorCordova
  - CapacitorApp (8.1.2):
    - Capacitor
  - CapacitorCamera (8.2.5):
    - Capacitor
    - IONCameraLib (~> 2.0.0)
  - CapacitorCommunityKeepAwake (8.0.0):
    - Capacitor
  - CapacitorCommunityPrivacyScreen (6.0.0):
    - Capacitor
  - CapacitorCommunityTextToSpeech (8.0.0):
    - Capacitor
  - CapacitorCordova (8.5.2)
  - CapacitorFilesystem (8.1.4):
    - Capacitor
    - IONFilesystemLib (~> 2.0.0)
  - CapacitorHaptics (8.0.2):
    - Capacitor
  - CapacitorKeyboard (8.0.6):
    - Capacitor
  - CapacitorShare (8.0.3):
    - Capacitor
  - CapawesomeCapacitorAppUpdate (8.0.5):
    - Capacitor
  - CapawesomeCapacitorBackgroundTask (8.0.3):
    - Capacitor
  - CapawesomeCapacitorBadge (8.0.3):
    - Capacitor
  - CapawesomeCapacitorCloudinary (8.0.2):
    - Capacitor
    - Cloudinary (~> 5.1.0)
  - CapawesomeCapacitorFilePicker (8.1.0):
    - Capacitor
  - CapawesomeCapacitorLiveUpdate (8.4.4):
    - Alamofire (< 6.0.0, >= 5.10.2)
    - Capacitor
    - ZIPFoundation (~> 0.9.0)
  - CapawesomeCapacitorManagedConfigurations (8.0.2):
    - Capacitor
  - CapawesomeCapacitorPhotoEditor (8.0.2):
    - Capacitor
  - CapawesomeCapacitorPosthog (8.6.2):
    - Capacitor
    - PostHog (< 4.0, >= 3.56.0)
  - CapawesomeCapacitorScreenOrientation (8.0.3):
    - Capacitor
  - CapawesomeCapacitorTorch (8.0.2):
    - Capacitor
  - CapawesomeTeamCapacitorBluetoothLowEnergy (8.3.2):
    - Capacitor
  - CapawesomeTeamCapacitorDatetimePicker (8.2.0):
    - Capacitor
  - CapawesomeTeamCapacitorFileCompressor (8.0.4):
    - Capacitor
  - CapawesomeTeamCapacitorFileOpener (8.0.5):
    - Capacitor
  - CapawesomeTeamCapacitorPrinter (8.0.5):
    - Capacitor
  - CapawesomeTeamCapacitorWifi (8.0.4):
    - Capacitor
  - CapawesomeTeamCapacitorZip (8.0.4):
    - Capacitor
    - SSZipArchive (~> 2.6.0)
  - Cloudinary (5.1.0):
    - Cloudinary/ios (= 5.1.0)
  - Cloudinary/ios (5.1.0)
  - IONCameraLib (2.0.0)
  - IONFilesystemLib (2.0.0)
  - PostHog (3.89.0)
  - SSZipArchive (2.6.0)
  - ZIPFoundation (0.9.20)

DEPENDENCIES:
  - "Capacitor (from `../../node_modules/@capacitor/ios`)"
  - "CapacitorApp (from `../../node_modules/@capacitor/app`)"
  - "CapacitorCamera (from `../../node_modules/@capacitor/camera`)"
  - "CapacitorCommunityKeepAwake (from `../../node_modules/@capacitor-community/keep-awake`)"
  - "CapacitorCommunityPrivacyScreen (from `../../node_modules/@capacitor-community/privacy-screen`)"
  - "CapacitorCommunityTextToSpeech (from `../../node_modules/@capacitor-community/text-to-speech`)"
  - "CapacitorCordova (from `../../node_modules/@capacitor/ios`)"
  - "CapacitorFilesystem (from `../../node_modules/@capacitor/filesystem`)"
  - "CapacitorHaptics (from `../../node_modules/@capacitor/haptics`)"
  - "CapacitorKeyboard (from `../../node_modules/@capacitor/keyboard`)"
  - "CapacitorShare (from `../../node_modules/@capacitor/share`)"
  - "CapawesomeCapacitorAppUpdate (from `../../node_modules/@capawesome/capacitor-app-update`)"
  - "CapawesomeCapacitorBackgroundTask (from `../../node_modules/@capawesome/capacitor-background-task`)"
  - "CapawesomeCapacitorBadge (from `../../node_modules/@capawesome/capacitor-badge`)"
  - "CapawesomeCapacitorCloudinary (from `../../node_modules/@capawesome/capacitor-cloudinary`)"
  - "CapawesomeCapacitorFilePicker (from `../../node_modules/@capawesome/capacitor-file-picker`)"
  - "CapawesomeCapacitorLiveUpdate (from `../../node_modules/@capawesome/capacitor-live-update`)"
  - "CapawesomeCapacitorManagedConfigurations (from `../../node_modules/@capawesome/capacitor-managed-configurations`)"
  - "CapawesomeCapacitorPhotoEditor (from `../../node_modules/@capawesome/capacitor-photo-editor`)"
  - "CapawesomeCapacitorPosthog (from `../../node_modules/@capawesome/capacitor-posthog`)"
  - "CapawesomeCapacitorScreenOrientation (from `../../node_modules/@capawesome/capacitor-screen-orientation`)"
  - "CapawesomeCapacitorTorch (from `../../node_modules/@capawesome/capacitor-torch`)"
  - "CapawesomeTeamCapacitorBluetoothLowEnergy (from `../../node_modules/@capawesome-team/capacitor-bluetooth-low-energy`)"
  - "CapawesomeTeamCapacitorDatetimePicker (from `../../node_modules/@capawesome-team/capacitor-datetime-picker`)"
  - "CapawesomeTeamCapacitorFileCompressor (from `../../node_modules/@capawesome-team/capacitor-file-compressor`)"
  - "CapawesomeTeamCapacitorFileOpener (from `../../node_modules/@capawesome-team/capacitor-file-opener`)"
  - "CapawesomeTeamCapacitorPrinter (from `../../node_modules/@capawesome-team/capacitor-printer`)"
  - "CapawesomeTeamCapacitorWifi (from `../../node_modules/@capawesome-team/capacitor-wifi`)"
  - "CapawesomeTeamCapacitorZip (from `../../node_modules/@capawesome-team/capacitor-zip`)"

SPEC REPOS:
  trunk:
    - Alamofire
    - Cloudinary
    - IONCameraLib
    - IONFilesystemLib
    - PostHog
    - SSZipArchive
    - ZIPFoundation

EXTERNAL SOURCES:
  Capacitor:
    :path: "../../node_modules/@capacitor/ios"
  CapacitorApp:
    :path: "../../node_modules/@capacitor/app"
  CapacitorCamera:
    :path: "../../node_modules/@capacitor/camera"
  CapacitorCommunityKeepAwake:
    :path: "../../node_modules/@capacitor-community/keep-awake"
  CapacitorCommunityPrivacyScreen:
    :path: "../../node_modules/@capacitor-community/privacy-screen"
  CapacitorCommunityTextToSpeech:
    :path: "../../node_modules/@capacitor-community/text-to-speech"
  CapacitorCordova:
    :path: "../../node_modules/@capacitor/ios"
  CapacitorFilesystem:
    :path: "../../node_modules/@capacitor/filesystem"
  CapacitorHaptics:
    :path: "../../node_modules/@capacitor/haptics"
  CapacitorKeyboard:
    :path: "../../node_modules/@capacitor/keyboard"
  CapacitorShare:
    :path: "../../node_modules/@capacitor/share"
  CapawesomeCapacitorAppUpdate:
    :path: "../../node_modules/@capawesome/capacitor-app-update"
  CapawesomeCapacitorBackgroundTask:
    :path: "../../node_modules/@capawesome/capacitor-background-task"
  CapawesomeCapacitorBadge:
    :path: "../../node_modules/@capawesome/capacitor-badge"
  CapawesomeCapacitorCloudinary:
    :path: "../../node_modules/@capawesome/capacitor-cloudinary"
  CapawesomeCapacitorFilePicker:
    :path: "../../node_modules/@capawesome/capacitor-file-picker"
  CapawesomeCapacitorLiveUpdate:
    :path: "../../node_modules/@capawesome/capacitor-live-update"
  CapawesomeCapacitorManagedConfigurations:
    :path: "../../node_modules/@capawesome/capacitor-managed-configurations"
  CapawesomeCapacitorPhotoEditor:
    :path: "../../node_modules/@capawesome/capacitor-photo-editor"
  CapawesomeCapacitorPosthog:
    :path: "../../node_modules/@capawesome/capacitor-posthog"
  CapawesomeCapacitorScreenOrientation:
    :path: "../../node_modules/@capawesome/capacitor-screen-orientation"
  CapawesomeCapacitorTorch:
    :path: "../../node_modules/@capawesome/capacitor-torch"
  CapawesomeTeamCapacitorBluetoothLowEnergy:
    :path: "../../node_modules/@capawesome-team/capacitor-bluetooth-low-energy"
  CapawesomeTeamCapacitorDatetimePicker:
    :path: "../../node_modules/@capawesome-team/capacitor-datetime-picker"
  CapawesomeTeamCapacitorFileCompressor:
    :path: "../../node_modules/@capawesome-team/capacitor-file-compressor"
  CapawesomeTeamCapacitorFileOpener:
    :path: "../../node_modules/@capawesome-team/capacitor-file-opener"
  CapawesomeTeamCapacitorPrinter:
    :path: "../../node_modules/@capawesome-team/capacitor-printer"
  CapawesomeTeamCapacitorWifi:
    :path: "../../node_modules/@capawesome-team/capacitor-wifi"
  CapawesomeTeamCapacitorZip:
    :path: "../../node_modules/@capawesome-team/capacitor-zip"

SPEC CHECKSUMS:
  Alamofire: 7193b3b92c74a07f85569e1a6c4f4237291e7496
  Capacitor: 89067779e14fb7ea56af07b4817f45d1f0c2a269
  CapacitorApp: 7b7e43debe505bc61beedb83796aa1368c86078b
  CapacitorCamera: 2366a2b6d44417406ab33f8545d5c7b7b233028f
  CapacitorCommunityKeepAwake: 332bf035bbdf0b1c244fd492b35a8a06c8802111
  CapacitorCommunityPrivacyScreen: 682470c41cce325d7a85b95907887919d4694066
  CapacitorCommunityTextToSpeech: 43cd3c04174f38b8766f160830ee474cd5596439
  CapacitorCordova: 5bec5648cbd09a176ce34ce5e7b6cdabb2c8a327
  CapacitorFilesystem: 17ee1862a45ef2e5012311a87e18de1d45a6811b
  CapacitorHaptics: 296f771ecd89c7a1bd92a7b6826a7d268e2e70f5
  CapacitorKeyboard: f9e85e685082e9f63404de15db4a4291448b0912
  CapacitorShare: 5b5e53347556bee89ae6163ed20b5b3c25fe75f1
  CapawesomeCapacitorAppUpdate: b79b025d27c9ec3aab6afd88be87e5312e970a59
  CapawesomeCapacitorBackgroundTask: 4aa93c0743a17df5b34d2ede15689afc0fc22245
  CapawesomeCapacitorBadge: b5e0c79efc4c1dc0354ca27064b3e6ef98ab9c0a
  CapawesomeCapacitorCloudinary: f0efd7133257af0ff87d2b54683e001c0dce3c35
  CapawesomeCapacitorFilePicker: 63170fae6d17f3ce2547ffc0290f287e7bdc45d7
  CapawesomeCapacitorLiveUpdate: e5b048e2d9efe792ff6a001286f2436cfcbb4b85
  CapawesomeCapacitorManagedConfigurations: b466d066a6d301a041043d6393af62e920e2bfec
  CapawesomeCapacitorPhotoEditor: 195f9e33b4f61233d6ab34f5aeb5dd8bd1e8f173
  CapawesomeCapacitorPosthog: 7cdbee16c3b2f577578e273e9101112a71875ea9
  CapawesomeCapacitorScreenOrientation: 18368e1ed685dc6904225063bddd52553a5a89f0
  CapawesomeCapacitorTorch: 4041d0813b4e19af798ae5f142c7bbac4435dff5
  CapawesomeTeamCapacitorBluetoothLowEnergy: 9a7fe586b77c97292adbb9ad83907a1e44e2847d
  CapawesomeTeamCapacitorDatetimePicker: da86e8d8d0e2f3ae46449b0173f81d4a735384d4
  CapawesomeTeamCapacitorFileCompressor: 52a1de5f6f55076eaac3fac73b08742193ff836d
  CapawesomeTeamCapacitorFileOpener: ca3ac200dd3545fd264a755ded1d08c2afadffbc
  CapawesomeTeamCapacitorPrinter: 7d9f1be83d094aa6024e2ccb148bb055543c98e7
  CapawesomeTeamCapacitorWifi: 049394ddf262b7e4c03b63d6605876df7c3787b3
  CapawesomeTeamCapacitorZip: fc1f840b389cb2a84da875ab9ea7290a4aeccf37
  Cloudinary: bab47d625e409936fb5c61d53f17719c80c258ad
  IONCameraLib: 729cae576e1a952602ce750a9790b6dc7d7e2e95
  IONFilesystemLib: 0a001124dedc317c03032d138aaefbf4c18adb09
  PostHog: 1ba1807ca4f7ccdd07cf80b38e95175718789bac
  SSZipArchive: 8a6ee5677c8e304bebc109e39cf0da91ccef22ea
  ZIPFoundation: dfd3d681c4053ff7e2f7350bc4e53b5dba3f5351

PODFILE CHECKSUM: d3a9d4333ef156a5144c66e03d7f4ed4372b8eb3

COCOAPODS: 1.17.0
